// !$*UTF8*$!
{
	archiveVersion = 1;
	classes = {
	};
	objectVersion = 46;
	objects = {

/* Begin PBXBuildFile section */
		30D926251DA80B3B00C90B8E /* AppDelegate.swift in Sources */ = {isa = PBXBuildFile; fileRef = 30D926241DA80B3B00C90B8E /* AppDelegate.swift */; };
		30D926271DA80B3B00C90B8E /* ViewController.swift in Sources */ = {isa = PBXBuildFile; fileRef = 30D926261DA80B3B00C90B8E /* ViewController.swift */; };
		30D9262C1DA80B3B00C90B8E /* Assets.xcassets in Resources */ = {isa = PBXBuildFile; fileRef = 30D9262B1DA80B3B00C90B8E /* Assets.xcassets */; };
		30D9263A1DA80B3C00C90B8E /* RealmDatabaseSwiftTests.swift in Sources */ = {isa = PBXBuildFile; fileRef = 30D926391DA80B3C00C90B8E /* RealmDatabaseSwiftTests.swift */; };
		30D926451DA80B3C00C90B8E /* RealmDatabaseSwiftUITests.swift in Sources */ = {isa = PBXBuildFile; fileRef = 30D926441DA80B3C00C90B8E /* RealmDatabaseSwiftUITests.swift */; };
		30D926541DA899AA00C90B8E /* Realm.framework in Frameworks */ = {isa = PBXBuildFile; fileRef = 30D926521DA899AA00C90B8E /* Realm.framework */; };
		30D926551DA899AA00C90B8E /* Realm.framework in Embed Frameworks */ = {isa = PBXBuildFile; fileRef = 30D926521DA899AA00C90B8E /* Realm.framework */; settings = {ATTRIBUTES = (CodeSignOnCopy, RemoveHeadersOnCopy, ); }; };
		30D926561DA899AA00C90B8E /* RealmSwift.framework in Frameworks */ = {isa = PBXBuildFile; fileRef = 30D926531DA899AA00C90B8E /* RealmSwift.framework */; };
		30D926571DA899AA00C90B8E /* RealmSwift.framework in Embed Frameworks */ = {isa = PBXBuildFile; fileRef = 30D926531DA899AA00C90B8E /* RealmSwift.framework */; settings = {ATTRIBUTES = (CodeSignOnCopy, RemoveHeadersOnCopy, ); }; };
		30D9265B1DA8A56900C90B8E /* Storyboard.storyboard in Resources */ = {isa = PBXBuildFile; fileRef = 30D9265A1DA8A56900C90B8E /* Storyboard.storyboard */; };
/* End PBXBuildFile section */

/* Begin PBXContainerItemProxy section */
		30D926361DA80B3C00C90B8E /* PBXContainerItemProxy */ = {
			isa = PBXContainerItemProxy;
			containerPortal = 30D926191DA80B3B00C90B8E /* Project object */;
			proxyType = 1;
			remoteGlobalIDString = 30D926201DA80B3B00C90B8E;
			remoteInfo = RealmDatabaseSwift;
		};
		30D926411DA80B3C00C90B8E /* PBXContainerItemProxy */ = {
			isa = PBXContainerItemProxy;
			containerPortal = 30D926191DA80B3B00C90B8E /* Project object */;
			proxyType = 1;
			remoteGlobalIDString = 30D926201DA80B3B00C90B8E;
			remoteInfo = RealmDatabaseSwift;
		};
/* End PBXContainerItemProxy section */

/* Begin PBXCopyFilesBuildPhase section */
		30D926581DA899AA00C90B8E /* Embed Frameworks */ = {
			isa = PBXCopyFilesBuildPhase;
			buildActionMask = 2147483647;
			dstPath = "";
			dstSubfolderSpec = 10;
			files = (
				30D926571DA899AA00C90B8E /* RealmSwift.framework in Embed Frameworks */,
				30D926551DA899AA00C90B8E /* Realm.framework in Embed Frameworks */,
			);
			name = "Embed Frameworks";
			runOnlyForDeploymentPostprocessing = 0;
		};
/* End PBXCopyFilesBuildPhase section */

/* Begin PBXFileReference section */
		30D926211DA80B3B00C90B8E /* RealmDatabaseSwift.app */ = {isa = PBXFileReference; explicitFileType = wrapper.application; includeInIndex = 0; path = RealmDatabaseSwift.app; sourceTree = BUILT_PRODUCTS_DIR; };
		30D926241DA80B3B00C90B8E /* AppDelegate.swift */ = {isa = PBXFileReference; lastKnownFileType = sourcecode.swift; path = AppDelegate.swift; sourceTree = "<group>"; };
		30D926261DA80B3B00C90B8E /* ViewController.swift */ = {isa = PBXFileReference; lastKnownFileType = sourcecode.swift; path = ViewController.swift; sourceTree = "<group>"; };
		30D9262B1DA80B3B00C90B8E /* Assets.xcassets */ = {isa = PBXFileReference; lastKnownFileType = folder.assetcatalog; path = Assets.xcassets; sourceTree = "<group>"; };
		30D926301DA80B3B00C90B8E /* Info.plist */ = {isa = PBXFileReference; lastKnownFileType = text.plist.xml; path = Info.plist; sourceTree = "<group>"; };
		30D926351DA80B3C00C90B8E /* RealmDatabaseSwiftTests.xctest */ = {isa = PBXFileReference; explicitFileType = wrapper.cfbundle; includeInIndex = 0; path = RealmDatabaseSwiftTests.xctest; sourceTree = BUILT_PRODUCTS_DIR; };
		30D926391DA80B3C00C90B8E /* RealmDatabaseSwiftTests.swift */ = {isa = PBXFileReference; lastKnownFileType = sourcecode.swift; path = RealmDatabaseSwiftTests.swift; sourceTree = "<group>"; };
		30D9263B1DA80B3C00C90B8E /* Info.plist */ = {isa = PBXFileReference; lastKnownFileType = text.plist.xml; path = Info.plist; sourceTree = "<group>"; };
		30D926401DA80B3C00C90B8E /* RealmDatabaseSwiftUITests.xctest */ = {isa = PBXFileReference; explicitFileType = wrapper.cfbundle; includeInIndex = 0; path = RealmDatabaseSwiftUITests.xctest; sourceTree = BUILT_PRODUCTS_DIR; };
		30D926441DA80B3C00C90B8E /* RealmDatabaseSwiftUITests.swift */ = {isa = PBXFileReference; lastKnownFileType = sourcecode.swift; path = RealmDatabaseSwiftUITests.swift; sourceTree = "<group>"; };
		30D926461DA80B3C00C90B8E /* Info.plist */ = {isa = PBXFileReference; lastKnownFileType = text.plist.xml; path = Info.plist; sourceTree = "<group>"; };
		30D926521DA899AA00C90B8E /* Realm.framework */ = {isa = PBXFileReference; lastKnownFileType = wrapper.framework; path = Realm.framework; sourceTree = "<group>"; };
		30D926531DA899AA00C90B8E /* RealmSwift.framework */ = {isa = PBXFileReference; lastKnownFileType = wrapper.framework; path = RealmSwift.framework; sourceTree = "<group>"; };
		30D9265A1DA8A56900C90B8E /* Storyboard.storyboard */ = {isa = PBXFileReference; fileEncoding = 4; lastKnownFileType = file.storyboard; path = Storyboard.storyboard; sourceTree = "<group>"; };
/* End PBXFileReference section */

/* Begin PBXFrameworksBuildPhase section */
		30D9261E1DA80B3B00C90B8E /* Frameworks */ = {
			isa = PBXFrameworksBuildPhase;
			buildActionMask = 2147483647;
			files = (
				30D926561DA899AA00C90B8E /* RealmSwift.framework in Frameworks */,
				30D926541DA899AA00C90B8E /* Realm.framework in Frameworks */,
			);
			runOnlyForDeploymentPostprocessing = 0;
		};
		30D926321DA80B3C00C90B8E /* Frameworks */ = {
			isa = PBXFrameworksBuildPhase;
			buildActionMask = 2147483647;
			files = (
			);
			runOnlyForDeploymentPostprocessing = 0;
		};
		30D9263D1DA80B3C00C90B8E /* Frameworks */ = {
			isa = PBXFrameworksBuildPhase;
			buildActionMask = 2147483647;
			files = (
			);
			runOnlyForDeploymentPostprocessing = 0;
		};
/* End PBXFrameworksBuildPhase section */

/* Begin PBXGroup section */
		30D926181DA80B3B00C90B8E = {
			isa = PBXGroup;
			children = (
				30D926521DA899AA00C90B8E /* Realm.framework */,
				30D926531DA899AA00C90B8E /* RealmSwift.framework */,
				30D926231DA80B3B00C90B8E /* RealmDatabaseSwift */,
				30D926381DA80B3C00C90B8E /* RealmDatabaseSwiftTests */,
				30D926431DA80B3C00C90B8E /* RealmDatabaseSwiftUITests */,
				30D926221DA80B3B00C90B8E /* Products */,
			);
			sourceTree = "<group>";
		};
		30D926221DA80B3B00C90B8E /* Products */ = {
			isa = PBXGroup;
			children = (
				30D926211DA80B3B00C90B8E /* RealmDatabaseSwift.app */,
				30D926351DA80B3C00C90B8E /* RealmDatabaseSwiftTests.xctest */,
				30D926401DA80B3C00C90B8E /* RealmDatabaseSwiftUITests.xctest */,
			);
			name = Products;
			sourceTree = "<group>";
		};
		30D926231DA80B3B00C90B8E /* RealmDatabaseSwift */ = {
			isa = PBXGroup;
			children = (
				30D926241DA80B3B00C90B8E /* AppDelegate.swift */,
				30D926261DA80B3B00C90B8E /* ViewController.swift */,
				30D9262B1DA80B3B00C90B8E /* Assets.xcassets */,
				30D926301DA80B3B00C90B8E /* Info.plist */,
				30D9265A1DA8A56900C90B8E /* Storyboard.storyboard */,
			);
			path = RealmDatabaseSwift;
			sourceTree = "<group>";
		};
		30D926381DA80B3C00C90B8E /* RealmDatabaseSwiftTests */ = {
			isa = PBXGroup;
			children = (
				30D926391DA80B3C00C90B8E /* RealmDatabaseSwiftTests.swift */,
				30D9263B1DA80B3C00C90B8E /* Info.plist */,
			);
			path = RealmDatabaseSwiftTests;
			sourceTree = "<group>";
		};
		30D926431DA80B3C00C90B8E /* RealmDatabaseSwiftUITests */ = {
			isa = PBXGroup;
			children = (
				30D926441DA80B3C00C90B8E /* RealmDatabaseSwiftUITests.swift */,
				30D926461DA80B3C00C90B8E /* Info.plist */,
			);
			path = RealmDatabaseSwiftUITests;
			sourceTree = "<group>";
		};
/* End PBXGroup section */

/* Begin PBXNativeTarget section */
		30D926201DA80B3B00C90B8E /* RealmDatabaseSwift */ = {
			isa = PBXNativeTarget;
			buildConfigurationList = 30D926491DA80B3C00C90B8E /* Build configuration list for PBXNativeTarget "RealmDatabaseSwift" */;
			buildPhases = (
				30D9261D1DA80B3B00C90B8E /* Sources */,
				30D9261E1DA80B3B00C90B8E /* Frameworks */,
				30D9261F1DA80B3B00C90B8E /* Resources */,
				30D926581DA899AA00C90B8E /* Embed Frameworks */,
				30D926591DA89B5F00C90B8E /* Run Script */,
			);
			buildRules = (
			);
			dependencies = (
			);
			name = RealmDatabaseSwift;
			productName = RealmDatabaseSwift;
			productReference = 30D926211DA80B3B00C90B8E /* RealmDatabaseSwift.app */;
			productType = "com.apple.product-type.application";
		};
		30D926341DA80B3C00C90B8E /* RealmDatabaseSwiftTests */ = {
			isa = PBXNativeTarget;
			buildConfigurationList = 30D9264C1DA80B3C00C90B8E /* Build configuration list for PBXNativeTarget "RealmDatabaseSwiftTests" */;
			buildPhases = (
				30D926311DA80B3C00C90B8E /* Sources */,
				30D926321DA80B3C00C90B8E /* Frameworks */,
				30D926331DA80B3C00C90B8E /* Resources */,
			);
			buildRules = (
			);
			dependencies = (
				30D926371DA80B3C00C90B8E /* PBXTargetDependency */,
			);
			name = RealmDatabaseSwiftTests;
			productName = RealmDatabaseSwiftTests;
			productReference = 30D926351DA80B3C00C90B8E /* RealmDatabaseSwiftTests.xctest */;
			productType = "com.apple.product-type.bundle.unit-test";
		};
		30D9263F1DA80B3C00C90B8E /* RealmDatabaseSwiftUITests */ = {
			isa = PBXNativeTarget;
			buildConfigurationList = 30D9264F1DA80B3C00C90B8E /* Build configuration list for PBXNativeTarget "RealmDatabaseSwiftUITests" */;
			buildPhases = (
				30D9263C1DA80B3C00C90B8E /* Sources */,
				30D9263D1DA80B3C00C90B8E /* Frameworks */,
				30D9263E1DA80B3C00C90B8E /* Resources */,
			);
			buildRules = (
			);
			dependencies = (
				30D926421DA80B3C00C90B8E /* PBXTargetDependency */,
			);
			name = RealmDatabaseSwiftUITests;
			productName = RealmDatabaseSwiftUITests;
			productReference = 30D926401DA80B3C00C90B8E /* RealmDatabaseSwiftUITests.xctest */;
			productType = "com.apple.product-type.bundle.ui-testing";
		};
/* End PBXNativeTarget section */

/* Begin PBXProject section */
		30D926191DA80B3B00C90B8E /* Project object */ = {
			isa = PBXProject;
			attributes = {
				LastSwiftUpdateCheck = 0800;
				LastUpgradeCheck = 0800;
				ORGANIZATIONNAME = tylenolG00py;
				TargetAttributes = {
					30D926201DA80B3B00C90B8E = {
						CreatedOnToolsVersion = 8.0;
						ProvisioningStyle = Automatic;
					};
					30D926341DA80B3C00C90B8E = {
						CreatedOnToolsVersion = 8.0;
						ProvisioningStyle = Automatic;
						TestTargetID = 30D926201DA80B3B00C90B8E;
					};
					30D9263F1DA80B3C00C90B8E = {
						CreatedOnToolsVersion = 8.0;
						ProvisioningStyle = Automatic;
						TestTargetID = 30D926201DA80B3B00C90B8E;
					};
				};
			};
			buildConfigurationList = 30D9261C1DA80B3B00C90B8E /* Build configuration list for PBXProject "RealmDatabaseSwift" */;
			compatibilityVersion = "Xcode 3.2";
			developmentRegion = English;
			hasScannedForEncodings = 0;
			knownRegions = (
				en,
				Base,
			);
			mainGroup = 30D926181DA80B3B00C90B8E;
			productRefGroup = 30D926221DA80B3B00C90B8E /* Products */;
			projectDirPath = "";
			projectRoot = "";
			targets = (
				30D926201DA80B3B00C90B8E /* RealmDatabaseSwift */,
				30D926341DA80B3C00C90B8E /* RealmDatabaseSwiftTests */,
				30D9263F1DA80B3C00C90B8E /* RealmDatabaseSwiftUITests */,
			);
		};
/* End PBXProject section */

/* Begin PBXResourcesBuildPhase section */
		30D9261F1DA80B3B00C90B8E /* Resources */ = {
			isa = PBXResourcesBuildPhase;
			buildActionMask = 2147483647;
			files = (
				30D9262C1DA80B3B00C90B8E /* Assets.xcassets in Resources */,
				30D9265B1DA8A56900C90B8E /* Storyboard.storyboard in Resources */,
			);
			runOnlyForDeploymentPostprocessing = 0;
		};
		30D926331DA80B3C00C90B8E /* Resources */ = {
			isa = PBXResourcesBuildPhase;
			buildActionMask = 2147483647;
			files = (
			);
			runOnlyForDeploymentPostprocessing = 0;
		};
		30D9263E1DA80B3C00C90B8E /* Resources */ = {
			isa = PBXResourcesBuildPhase;
			buildActionMask = 2147483647;
			files = (
			);
			runOnlyForDeploymentPostprocessing = 0;
		};
/* End PBXResourcesBuildPhase section */

/* Begin PBXShellScriptBuildPhase section */
		30D926591DA89B5F00C90B8E /* Run Script */ = {
			isa = PBXShellScriptBuildPhase;
			buildActionMask = 2147483647;
			files = (
			);
			inputPaths = (
			);
			name = "Run Script";
			outputPaths = (
			);
			runOnlyForDeploymentPostprocessing = 0;
			shellPath = /bin/sh;
			shellScript = "bash \"${BUILT_PRODUCTS_DIR}/${FRAMEWORKS_FOLDER_PATH}/Realm.framework/strip-frameworks.sh\"";
		};
/* End PBXShellScriptBuildPhase section */

/* Begin PBXSourcesBuildPhase section */
		30D9261D1DA80B3B00C90B8E /* Sources */ = {
			isa = PBXSourcesBuildPhase;
			buildActionMask = 2147483647;
			files = (
				30D926271DA80B3B00C90B8E /* ViewController.swift in Sources */,
				30D926251DA80B3B00C90B8E /* AppDelegate.swift in Sources */,
			);
			runOnlyForDeploymentPostprocessing = 0;
		};
		30D926311DA80B3C00C90B8E /* Sources */ = {
			isa = PBXSourcesBuildPhase;
			buildActionMask = 2147483647;
			files = (
				30D9263A1DA80B3C00C90B8E /* RealmDatabaseSwiftTests.swift in Sources */,
			);
			runOnlyForDeploymentPostprocessing = 0;
		};
		30D9263C1DA80B3C00C90B8E /* Sources */ = {
			isa = PBXSourcesBuildPhase;
			buildActionMask = 2147483647;
			files = (
				30D926451DA80B3C00C90B8E /* RealmDatabaseSwiftUITests.swift in Sources */,
			);
			runOnlyForDeploymentPostprocessing = 0;
		};
/* End PBXSourcesBuildPhase section */

/* Begin PBXTargetDependency section */
		30D926371DA80B3C00C90B8E /* PBXTargetDependency */ = {
			isa = PBXTargetDependency;
			target = 30D926201DA80B3B00C90B8E /* RealmDatabaseSwift */;
			targetProxy = 30D926361DA80B3C00C90B8E /* PBXContainerItemProxy */;
		};
		30D926421DA80B3C00C90B8E /* PBXTargetDependency */ = {
			isa = PBXTargetDependency;
			target = 30D926201DA80B3B00C90B8E /* RealmDatabaseSwift */;
			targetProxy = 30D926411DA80B3C00C90B8E /* PBXContainerItemProxy */;
		};
/* End PBXTargetDependency section */

/* Begin XCBuildConfiguration section */
		30D926471DA80B3C00C90B8E /* Debug */ = {
			isa = XCBuildConfiguration;
			buildSettings = {
				ALWAYS_SEARCH_USER_PATHS = NO;
				CLANG_ANALYZER_NONNULL = YES;
				CLANG_CXX_LANGUAGE_STANDARD = "gnu++0x";
				CLANG_CXX_LIBRARY = "libc++";
				CLANG_ENABLE_MODULES = YES;
				CLANG_ENABLE_OBJC_ARC = YES;
				CLANG_WARN_BOOL_CONVERSION = YES;
				CLANG_WARN_CONSTANT_CONVERSION = YES;
				CLANG_WARN_DIRECT_OBJC_ISA_USAGE = YES_ERROR;
				CLANG_WARN_DOCUMENTATION_COMMENTS = YES;
				CLANG_WARN_EMPTY_BODY = YES;
				CLANG_WARN_ENUM_CONVERSION = YES;
				CLANG_WARN_INFINITE_RECURSION = YES;
				CLANG_WARN_INT_CONVERSION = YES;
				CLANG_WARN_OBJC_ROOT_CLASS = YES_ERROR;
				CLANG_WARN_SUSPICIOUS_MOVES = YES;
				CLANG_WARN_UNREACHABLE_CODE = YES;
				CLANG_WARN__DUPLICATE_METHOD_MATCH = YES;
				"CODE_SIGN_IDENTITY[sdk=iphoneos*]" = "iPhone Developer";
				COPY_PHASE_STRIP = NO;
				DEBUG_INFORMATION_FORMAT = dwarf;
				ENABLE_STRICT_OBJC_MSGSEND = YES;
				ENABLE_TESTABILITY = YES;
				GCC_C_LANGUAGE_STANDARD = gnu99;
				GCC_DYNAMIC_NO_PIC = NO;
				GCC_NO_COMMON_BLOCKS = YES;
				GCC_OPTIMIZATION_LEVEL = 0;
				GCC_PREPROCESSOR_DEFINITIONS = (
					"DEBUG=1",
					"$(inherited)",
				);
				GCC_WARN_64_TO_32_BIT_CONVERSION = YES;
				GCC_WARN_ABOUT_RETURN_TYPE = YES_ERROR;
				GCC_WARN_UNDECLARED_SELECTOR = YES;
				GCC_WARN_UNINITIALIZED_AUTOS = YES_AGGRESSIVE;
				GCC_WARN_UNUSED_FUNCTION = YES;
				GCC_WARN_UNUSED_VARIABLE = YES;
				IPHONEOS_DEPLOYMENT_TARGET = 10.0;
				MTL_ENABLE_DEBUG_INFO = YES;
				ONLY_ACTIVE_ARCH = YES;
				SDKROOT = iphoneos;
				SWIFT_ACTIVE_COMPILATION_CONDITIONS = DEBUG;
				SWIFT_OPTIMIZATION_LEVEL = "-Onone";
			};
			name = Debug;
		};
		30D926481DA80B3C00C90B8E /* Release */ = {
			isa = XCBuildConfiguration;
			buildSettings = {
				ALWAYS_SEARCH_USER_PATHS = NO;
				CLANG_ANALYZER_NONNULL = YES;
				CLANG_CXX_LANGUAGE_STANDARD = "gnu++0x";
				CLANG_CXX_LIBRARY = "libc++";
				CLANG_ENABLE_MODULES = YES;
				CLANG_ENABLE_OBJC_ARC = YES;
				CLANG_WARN_BOOL_CONVERSION = YES;
				CLANG_WARN_CONSTANT_CONVERSION = YES;
				CLANG_WARN_DIRECT_OBJC_ISA_USAGE = YES_ERROR;
				CLANG_WARN_DOCUMENTATION_COMMENTS = YES;
				CLANG_WARN_EMPTY_BODY = YES;
				CLANG_WARN_ENUM_CONVERSION = YES;
				CLANG_WARN_INFINITE_RECURSION = YES;
				CLANG_WARN_INT_CONVERSION = YES;
				CLANG_WARN_OBJC_ROOT_CLASS = YES_ERROR;
				CLANG_WARN_SUSPICIOUS_MOVES = YES;
				CLANG_WARN_UNREACHABLE_CODE = YES;
				CLANG_WARN__DUPLICATE_METHOD_MATCH = YES;
				"CODE_SIGN_IDENTITY[sdk=iphoneos*]" = "iPhone Developer";
				COPY_PHASE_STRIP = NO;
				DEBUG_INFORMATION_FORMAT = "dwarf-with-dsym";
				ENABLE_NS_ASSERTIONS = NO;
				ENABLE_STRICT_OBJC_MSGSEND = YES;
				GCC_C_LANGUAGE_STANDARD = gnu99;
				GCC_NO_COMMON_BLOCKS = YES;
				GCC_WARN_64_TO_32_BIT_CONVERSION = YES;
				GCC_WARN_ABOUT_RETURN_TYPE = YES_ERROR;
				GCC_WARN_UNDECLARED_SELECTOR = YES;
				GCC_WARN_UNINITIALIZED_AUTOS = YES_AGGRESSIVE;
				GCC_WARN_UNUSED_FUNCTION = YES;
				GCC_WARN_UNUSED_VARIABLE = YES;
				IPHONEOS_DEPLOYMENT_TARGET = 10.0;
				MTL_ENABLE_DEBUG_INFO = NO;
				SDKROOT = iphoneos;
				SWIFT_OPTIMIZATION_LEVEL = "-Owholemodule";
				VALIDATE_PRODUCT = YES;
			};
			name = Release;
		};
		30D9264A1DA80B3C00C90B8E /* Debug */ = {
			isa = XCBuildConfiguration;
			buildSettings = {
				ASSETCATALOG_COMPILER_APPICON_NAME = AppIcon;
				FRAMEWORK_SEARCH_PATHS = (
					"$(inherited)",
					"$(PROJECT_DIR)",
				);
				INFOPLIST_FILE = RealmDatabaseSwift/Info.plist;
				LD_RUNPATH_SEARCH_PATHS = "$(inherited) @executable_path/Frameworks";
				PRODUCT_BUNDLE_IDENTIFIER = goopy.RealmDatabaseSwift;
				PRODUCT_NAME = "$(TARGET_NAME)";
				SWIFT_VERSION = 3.0;
			};
			name = Debug;
		};
		30D9264B1DA80B3C00C90B8E /* Release */ = {
			isa = XCBuildConfiguration;
			buildSettings = {
				ASSETCATALOG_COMPILER_APPICON_NAME = AppIcon;
				FRAMEWORK_SEARCH_PATHS = (
					"$(inherited)",
					"$(PROJECT_DIR)",
				);
				INFOPLIST_FILE = RealmDatabaseSwift/Info.plist;
				LD_RUNPATH_SEARCH_PATHS = "$(inherited) @executable_path/Frameworks";
				PRODUCT_BUNDLE_IDENTIFIER = goopy.RealmDatabaseSwift;
				PRODUCT_NAME = "$(TARGET_NAME)";
				SWIFT_VERSION = 3.0;
			};
			name = Release;
		};
		30D9264D1DA80B3C00C90B8E /* Debug */ = {
			isa = XCBuildConfiguration;
			buildSettings = {
				ALWAYS_EMBED_SWIFT_STANDARD_LIBRARIES = YES;
				BUNDLE_LOADER = "$(TEST_HOST)";
				INFOPLIST_FILE = RealmDatabaseSwiftTests/Info.plist;
				LD_RUNPATH_SEARCH_PATHS = "$(inherited) @executable_path/Frameworks @loader_path/Frameworks";
				PRODUCT_BUNDLE_IDENTIFIER = goopy.RealmDatabaseSwiftTests;
				PRODUCT_NAME = "$(TARGET_NAME)";
				SWIFT_VERSION = 3.0;
				TEST_HOST = "$(BUILT_PRODUCTS_DIR)/RealmDatabaseSwift.app/RealmDatabaseSwift";
			};
			name = Debug;
		};
		30D9264E1DA80B3C00C90B8E /* Release */ = {
			isa = XCBuildConfiguration;
			buildSettings = {
				ALWAYS_EMBED_SWIFT_STANDARD_LIBRARIES = YES;
				BUNDLE_LOADER = "$(TEST_HOST)";
				INFOPLIST_FILE = RealmDatabaseSwiftTests/Info.plist;
				LD_RUNPATH_SEARCH_PATHS = "$(inherited) @executable_path/Frameworks @loader_path/Frameworks";
				PRODUCT_BUNDLE_IDENTIFIER = goopy.RealmDatabaseSwiftTests;
				PRODUCT_NAME = "$(TARGET_NAME)";
				SWIFT_VERSION = 3.0;
				TEST_HOST = "$(BUILT_PRODUCTS_DIR)/RealmDatabaseSwift.app/RealmDatabaseSwift";
			};
			name = Release;
		};
		30D926501DA80B3C00C90B8E /* Debug */ = {
			isa = XCBuildConfiguration;
			buildSettings = {
				ALWAYS_EMBED_SWIFT_STANDARD_LIBRARIES = YES;
				INFOPLIST_FILE = RealmDatabaseSwiftUITests/Info.plist;
				LD_RUNPATH_SEARCH_PATHS = "$(inherited) @executable_path/Frameworks @loader_path/Frameworks";
				PRODUCT_BUNDLE_IDENTIFIER = goopy.RealmDatabaseSwiftUITests;
				PRODUCT_NAME = "$(TARGET_NAME)";
				SWIFT_VERSION = 3.0;
				TEST_TARGET_NAME = RealmDatabaseSwift;
			};
			name = Debug;
		};
		30D926511DA80B3C00C90B8E /* Release */ = {
			isa = XCBuildConfiguration;
			buildSettings = {
				ALWAYS_EMBED_SWIFT_STANDARD_LIBRARIES = YES;
				INFOPLIST_FILE = RealmDatabaseSwiftUITests/Info.plist;
				LD_RUNPATH_SEARCH_PATHS = "$(inherited) @executable_path/Frameworks @loader_path/Frameworks";
				PRODUCT_BUNDLE_IDENTIFIER = goopy.RealmDatabaseSwiftUITests;
				PRODUCT_NAME = "$(TARGET_NAME)";
				SWIFT_VERSION = 3.0;
				TEST_TARGET_NAME = RealmDatabaseSwift;
			};
			name = Release;
		};
/* End XCBuildConfiguration section */

/* Begin XCConfigurationList section */
		30D9261C1DA80B3B00C90B8E /* Build configuration list for PBXProject "RealmDatabaseSwift" */ = {
			isa = XCConfigurationList;
			buildConfigurations = (
				30D926471DA80B3C00C90B8E /* Debug */,
				30D926481DA80B3C00C90B8E /* Release */,
			);
			defaultConfigurationIsVisible = 0;
			defaultConfigurationName = Release;
		};
		30D926491DA80B3C00C90B8E /* Build configuration list for PBXNativeTarget "RealmDatabaseSwift" */ = {
			isa = XCConfigurationList;
			buildConfigurations = (
				30D9264A1DA80B3C00C90B8E /* Debug */,
				30D9264B1DA80B3C00C90B8E /* Release */,
			);
			defaultConfigurationIsVisible = 0;
			defaultConfigurationName = Release;
		};
		30D9264C1DA80B3C00C90B8E /* Build configuration list for PBXNativeTarget "RealmDatabaseSwiftTests" */ = {
			isa = XCConfigurationList;
			buildConfigurations = (
				30D9264D1DA80B3C00C90B8E /* Debug */,
				30D9264E1DA80B3C00C90B8E /* Release */,
			);
			defaultConfigurationIsVisible = 0;
			defaultConfigurationName = Release;
		};
		30D9264F1DA80B3C00C90B8E /* Build configuration list for PBXNativeTarget "RealmDatabaseSwiftUITests" */ = {
			isa = XCConfigurationList;
			buildConfigurations = (
				30D926501DA80B3C00C90B8E /* Debug */,
				30D926511DA80B3C00C90B8E /* Release */,
			);
			defaultConfigurationIsVisible = 0;
			defaultConfigurationName = Release;
		};
/* End XCConfigurationList section */
	};
	rootObject = 30D926191DA80B3B00C90B8E /* Project object */;
}
